
Microsoft Visual Studio Solution File, Format Version 12.00
# Visual Studio Express 2013 for Windows Desktop
VisualStudioVersion = 12.0.40629.0
MinimumVisualStudioVersion = 10.0.40219.1
Project("{FAE04EC0-301F-11D3-BF4B-00C04F79EFBC}") = "Autonomous Downloader", "Autonomous Downloader\Autonomous Downloader.csproj", "{C667B135-0391-49C1-BB3D-AC19F2EB022D}"
EndProject
Global
	GlobalSection(SolutionConfigurationPlatforms) = preSolution
		Debug|Any CPU = Debug|Any CPU
		Release|Any CPU = Release|Any CPU
	EndGlobalSection
	GlobalSection(ProjectConfigurationPlatforms) = postSolution
		{C667B135-0391-49C1-BB3D-AC19F2EB022D}.Debug|Any CPU.ActiveCfg = Debug|Any CPU
		{C667B135-0391-49C1-BB3D-AC19F2EB022D}.Debug|Any CPU.Build.0 = Debug|Any CPU
		{C667B135-0391-49C1-BB3D-AC19F2EB022D}.Release|Any CPU.ActiveCfg = Release|Any CPU
		{C667B135-0391-49C1-BB3D-AC19F2EB022D}.Release|Any CPU.Build.0 = Release|Any CPU
	EndGlobalSection
	GlobalSection(SolutionProperties) = preSolution
		HideSolutionNode = FALSE
	EndGlobalSection
EndGlobal
